
Microsoft Visual Studio Solution File, Format Version 12.00
# Visual Studio Version 17
VisualStudioVersion = 17.6.33815.320
MinimumVisualStudioVersion = 10.0.40219.1
Project("{FAE04EC0-301F-11D3-BF4B-00C04F79EFBC}") = "WebApplication1", "WebApplication1\WebApplication1.csproj", "{E812F751-05F1-4D93-9D6E-34AD0C796E1D}"
EndProject
Global
	GlobalSection(SolutionConfigurationPlatforms) = preSolution
		Debug|Any CPU = Debug|Any CPU
		Release|Any CPU = Release|Any CPU
	EndGlobalSection
	GlobalSection(ProjectConfigurationPlatforms) = postSolution
		{E812F751-05F1-4D93-9D6E-34AD0C796E1D}.Debug|Any CPU.ActiveCfg = Debug|Any CPU
		{E812F751-05F1-4D93-9D6E-34AD0C796E1D}.Debug|Any CPU.Build.0 = Debug|Any CPU
		{E812F751-05F1-4D93-9D6E-34AD0C796E1D}.Release|Any CPU.ActiveCfg = Release|Any CPU
		{E812F751-05F1-4D93-9D6E-34AD0C796E1D}.Release|Any CPU.Build.0 = Release|Any CPU
	EndGlobalSection
	GlobalSection(SolutionProperties) = preSolution
		HideSolutionNode = FALSE
	EndGlobalSection
	GlobalSection(ExtensibilityGlobals) = postSolution
		SolutionGuid = {E1D612A8-3B43-46FE-B725-E33C2A591BC7}
	EndGlobalSection
EndGlobal
